
Microsoft Visual Studio Solution File, Format Version 12.00
# Visual Studio Version 16
VisualStudioVersion = 16.0.810.14
MinimumVisualStudioVersion = 10.0.40219.1
Project("{FAE04EC0-301F-11D3-BF4B-00C04F79EFBC}") = "Dot6.API.Crud", "Dot6.API.Crud.csproj", "{46097976-102B-4F84-BB51-950C7CF19087}"
EndProject
Global
	GlobalSection(SolutionConfigurationPlatforms) = preSolution
		Debug|Any CPU = Debug|Any CPU
		Release|Any CPU = Release|Any CPU
	EndGlobalSection
	GlobalSection(ProjectConfigurationPlatforms) = postSolution
		{46097976-102B-4F84-BB51-950C7CF19087}.Debug|Any CPU.ActiveCfg = Debug|Any CPU
		{46097976-102B-4F84-BB51-950C7CF19087}.Debug|Any CPU.Build.0 = Debug|Any CPU
		{46097976-102B-4F84-BB51-950C7CF19087}.Release|Any CPU.ActiveCfg = Release|Any CPU
		{46097976-102B-4F84-BB51-950C7CF19087}.Release|Any CPU.Build.0 = Release|Any CPU
	EndGlobalSection
	GlobalSection(SolutionProperties) = preSolution
		HideSolutionNode = FALSE
	EndGlobalSection
	GlobalSection(ExtensibilityGlobals) = postSolution
		SolutionGuid = {D4CD21E1-65B2-4F7D-BB02-BF2D7936FE34}
	EndGlobalSection
EndGlobal
